{
  "name": "demo1",
  "version": "1.0.0",
  "lockfileVersion": 1,
  "requires": true,
  "dependencies": {
    "bootstrap": {
      "version": "3.4.1",
      "resolved": "https://registry.npm.taobao.org/bootstrap/download/bootstrap-3.4.1.tgz",
      "integrity": "sha1-w6NH1Bniia0R9AM+PEEyuHwIHXI="
    },
    "v5w-style": {
      "version": "1.0.4",
      "resolved": "https://registry.npm.taobao.org/v5w-style/download/v5w-style-1.0.4.tgz",
      "integrity": "sha1-uEgRQBt6CJZYgnqiPJiIMceAD8k="
    },
    "vue": {
      "version": "2.6.12",
      "resolved": "https://registry.npm.taobao.org/vue/download/vue-2.6.12.tgz?cache=0&sync_timestamp=1609359858533&other_urls=https%3A%2F%2Fregistry.npm.taobao.org%2Fvue%2Fdownload%2Fvue-2.6.12.tgz",
      "integrity": "sha1-9evU+mvShpQD4pqJau1JBEVskSM="
    }
  }
}
