{
  "name": "demo1",
  "version": "1.0.0",
  "lockfileVersion": 1,
  "requires": true,
  "dependencies": {
    "bootstrap": {
      "version": "3.4.1",
      "resolved": "https://registry.npm.taobao.org/bootstrap/download/bootstrap-3.4.1.tgz",
      "integrity": "sha1-w6NH1Bniia0R9AM+PEEyuHwIHXI="
    },
    "v5w-style": {
      "version": "1.0.4",
      "resolved": "https://registry.npm.taobao.org/v5w-style/download/v5w-style-1.0.4.tgz",
      "integrity": "sha1-uEgRQBt6CJZYgnqiPJiIMceAD8k="
    }
  }
}
